<?xml version="1.0" encoding="UTF-8" standalone="yes" ?>
<CodeBlocks_project_file>
	<FileVersion major="1" minor="6" />
	<Project>
		<Option title="pocketsphinx_continuous" />
		<Option pch_mode="2" />
		<Option compiler="gcc" />
		<Build>
			<Target title="Debug Win32">
				<Option output="..\..\bin\Debug\pocketsphinx_continuous" prefix_auto="1" extension_auto="1" />
				<Option object_output="Debug" />
				<Option type="1" />
				<Option compiler="gcc" />
				<Compiler>
					<Add option="-g" />
					<Add option="-W" />
					<Add option="-O0" />
					<Add option="-D_DEBUG" />
					<Add option="-D_CONSOLE" />
					<Add option="-DAD_BACKEND_WIN32" />
					<Add option="-DWIN32" />
					<Add option="-DHAVE_CONFIG_H" />
					<Add option="-DLIBPOCKETSPHINX" />
				</Compiler>
				<ResourceCompiler>
					<Add directory="..\..\include" />
					<Add directory="..\..\..\sphinxbase\include" />
					<Add directory="..\..\..\sphinxbase\include\win32" />
					<Add directory="..\..\src\libpocketsphinx" />
				</ResourceCompiler>
				<Linker>
					<Add library="..\..\..\sphinxbase-0.6.1\bin\Debug\libsphinxbase.dll.a" />
					<Add library="..\..\bin\Debug\libpocketsphinx.dll.a" />
					<Add directory="..\..\..\sphinxbase\bin\Debug" />
				</Linker>
			</Target>
			<Target title="Release Win32">
				<Option output="..\..\bin\Release\pocketsphinx_continuous" prefix_auto="1" extension_auto="1" />
				<Option object_output="Release" />
				<Option type="1" />
				<Option compiler="gcc" />
				<Compiler>
					<Add option="-O2" />
					<Add option="-W" />
					<Add option="-DNDEBUG" />
					<Add option="-D_CONSOLE" />
					<Add option="-DAD_BACKEND_WIN32" />
					<Add option="-DWIN32" />
					<Add option="-DHAVE_CONFIG_H" />
					<Add option="-DLIBPOCKETSPHINX" />
				</Compiler>
				<ResourceCompiler>
					<Add directory="..\..\include" />
					<Add directory="..\..\..\sphinxbase\include" />
					<Add directory="..\..\..\sphinxbase\include\win32" />
					<Add directory="..\..\src\libpocketsphinx" />
				</ResourceCompiler>
				<Linker>
					<Add library="..\..\..\sphinxbase-0.6.1\bin\Release\libsphinxbase.dll.a" />
					<Add library="..\..\bin\Release\libpocketsphinx.dll.a" />
					<Add directory="..\..\..\sphinxbase\bin\Release" />
				</Linker>
			</Target>
		</Build>
		<Compiler>
			<Add directory="..\..\include" />
			<Add directory="..\..\..\sphinxbase\include" />
			<Add directory="$(CODEBLOCKS)\sdk\sphinxbase-0.6.1\include\win32" />
			<Add directory="$(CODEBLOCKS)\sdk\sphinxbase-0.6.1\include" />
		</Compiler>
		<Unit filename="..\..\src\programs\continuous.c">
			<Option compilerVar="CC" />
		</Unit>
		<Unit filename="pocketsphinx.args" />
		<Extensions>
			<code_completion />
			<envvars />
			<debugger />
		</Extensions>
	</Project>
</CodeBlocks_project_file>
