<?xml version="1.0" encoding="UTF-8" standalone="yes" ?>
<CodeBlocks_project_file>
	<FileVersion major="1" minor="6" />
	<Project>
		<Option title="AppSliderConstraintDemo" />
		<Option pch_mode="2" />
		<Option compiler="gcc" />
		<Build>
			<Target title="Debug Win32">
				<Option output="..\..\..\..\AppSliderConstraintDemo_Debug" prefix_auto="1" extension_auto="1" />
				<Option object_output="AppSliderConstraintDemo.dir\Debug" />
				<Option type="1" />
				<Option compiler="gcc" />
				<Compiler>
					<Add option="-DWIN32" />
					<Add option="-D_DEBUG" />
					<Add option="-D_IRR_STATIC_LIB_" />
					<Add option="-D_CRT_SECURE_NO_WARNINGS" />
					<Add option="-D_CRT_SECURE_NO_DEPRECATE" />
					<Add option="-D_SCL_SECURE_NO_WARNINGS" />
					<Add option='-DCMAKE_INTDIR=\&quot;Debug\&quot;' />
					<Add option="-W" />
					<Add option="-O0" />
					<Add option="-frtti" />
					<Add directory="..\..\..\..\Glut" />
					<Add directory="..\..\..\..\src" />
					<Add directory="..\..\..\..\Demos\OpenGL" />
				</Compiler>
				<ResourceCompiler>
					<Add directory="..\..\..\..\Glut" />
					<Add directory="..\..\..\..\src" />
					<Add directory="..\..\..\..\Demos\OpenGL" />
				</ResourceCompiler>
				<Linker>
					<Add library="$(NOINHERIT)" />
					<Add library="kernel32" />
					<Add library="user32" />
					<Add library="gdi32" />
					<Add library="winspool" />
					<Add library="shell32" />
					<Add library="ole32" />
					<Add library="oleaut32" />
					<Add library="uuid" />
					<Add library="comdlg32" />
					<Add library="advapi32" />
					<Add library="..\OpenGL\Debug\OpenGLSupport" />
					<Add library="..\..\src\BulletDynamics\Debug\BulletDynamics" />
					<Add library="..\..\src\BulletCollision\Debug\BulletCollision" />
					<Add library="..\..\src\LinearMath\Debug\LinearMath" />
					<Add library="..\..\..\..\Glut\glut32" />
					<Add library="opengl32" />
					<Add library="glu32" />
				</Linker>
			</Target>
			<Target title="Release Win32">
				<Option output="..\..\..\..\AppSliderConstraintDemo" prefix_auto="1" extension_auto="1" />
				<Option object_output="AppSliderConstraintDemo.dir\Release" />
				<Option type="1" />
				<Option compiler="gcc" />
				<Compiler>
					<Add option="-DWIN32" />
					<Add option="-DNDEBUG" />
					<Add option="-D_IRR_STATIC_LIB_" />
					<Add option="-D_CRT_SECURE_NO_WARNINGS" />
					<Add option="-D_CRT_SECURE_NO_DEPRECATE" />
					<Add option="-D_SCL_SECURE_NO_WARNINGS" />
					<Add option='-DCMAKE_INTDIR=\&quot;Release\&quot;' />
					<Add option="-W" />
					<Add option="-O2" />
					<Add option="-frtti" />
					<Add directory="..\..\..\..\Glut" />
					<Add directory="..\..\..\..\src" />
					<Add directory="..\..\..\..\Demos\OpenGL" />
				</Compiler>
				<ResourceCompiler>
					<Add directory="..\..\..\..\Glut" />
					<Add directory="..\..\..\..\src" />
					<Add directory="..\..\..\..\Demos\OpenGL" />
				</ResourceCompiler>
				<Linker>
					<Add library="$(NOINHERIT)" />
					<Add library="kernel32" />
					<Add library="user32" />
					<Add library="gdi32" />
					<Add library="winspool" />
					<Add library="shell32" />
					<Add library="ole32" />
					<Add library="oleaut32" />
					<Add library="uuid" />
					<Add library="comdlg32" />
					<Add library="advapi32" />
					<Add library="..\OpenGL\Release\OpenGLSupport" />
					<Add library="..\..\src\BulletDynamics\Release\BulletDynamics" />
					<Add library="..\..\src\BulletCollision\Release\BulletCollision" />
					<Add library="..\..\src\LinearMath\Release\LinearMath" />
					<Add library="..\..\..\..\Glut\glut32" />
					<Add library="opengl32" />
					<Add library="glu32" />
				</Linker>
			</Target>
			<Target title="MinSizeRel Win32">
				<Option output="..\..\..\..\AppSliderConstraintDemo_MinsizeRel" prefix_auto="1" extension_auto="1" />
				<Option object_output="AppSliderConstraintDemo.dir\MinSizeRel" />
				<Option type="1" />
				<Option compiler="gcc" />
				<Compiler>
					<Add option="-DWIN32" />
					<Add option="-DNDEBUG" />
					<Add option="-D_IRR_STATIC_LIB_" />
					<Add option="-D_CRT_SECURE_NO_WARNINGS" />
					<Add option="-D_CRT_SECURE_NO_DEPRECATE" />
					<Add option="-D_SCL_SECURE_NO_WARNINGS" />
					<Add option='-DCMAKE_INTDIR=\&quot;MinSizeRel\&quot;' />
					<Add option="-W" />
					<Add option="-O1" />
					<Add option="-frtti" />
					<Add directory="..\..\..\..\Glut" />
					<Add directory="..\..\..\..\src" />
					<Add directory="..\..\..\..\Demos\OpenGL" />
				</Compiler>
				<ResourceCompiler>
					<Add directory="..\..\..\..\Glut" />
					<Add directory="..\..\..\..\src" />
					<Add directory="..\..\..\..\Demos\OpenGL" />
				</ResourceCompiler>
				<Linker>
					<Add library="$(NOINHERIT)" />
					<Add library="kernel32" />
					<Add library="user32" />
					<Add library="gdi32" />
					<Add library="winspool" />
					<Add library="shell32" />
					<Add library="ole32" />
					<Add library="oleaut32" />
					<Add library="uuid" />
					<Add library="comdlg32" />
					<Add library="advapi32" />
					<Add library="..\OpenGL\MinSizeRel\OpenGLSupport" />
					<Add library="..\..\src\BulletDynamics\MinSizeRel\BulletDynamics" />
					<Add library="..\..\src\BulletCollision\MinSizeRel\BulletCollision" />
					<Add library="..\..\src\LinearMath\MinSizeRel\LinearMath" />
					<Add library="..\..\..\..\Glut\glut32" />
					<Add library="opengl32" />
					<Add library="glu32" />
				</Linker>
			</Target>
			<Target title="RelWithDebInfo Win32">
				<Option output="..\..\..\..\AppSliderConstraintDemo_RelWithDebugInfo" prefix_auto="1" extension_auto="1" />
				<Option object_output="AppSliderConstraintDemo.dir\RelWithDebInfo" />
				<Option type="1" />
				<Option compiler="gcc" />
				<Compiler>
					<Add option="-DWIN32" />
					<Add option="-DNDEBUG" />
					<Add option="-D_IRR_STATIC_LIB_" />
					<Add option="-D_CRT_SECURE_NO_WARNINGS" />
					<Add option="-D_CRT_SECURE_NO_DEPRECATE" />
					<Add option="-D_SCL_SECURE_NO_WARNINGS" />
					<Add option='-DCMAKE_INTDIR=\&quot;RelWithDebInfo\&quot;' />
					<Add option="-W" />
					<Add option="-O2" />
					<Add option="-frtti" />
					<Add directory="..\..\..\..\Glut" />
					<Add directory="..\..\..\..\src" />
					<Add directory="..\..\..\..\Demos\OpenGL" />
				</Compiler>
				<ResourceCompiler>
					<Add directory="..\..\..\..\Glut" />
					<Add directory="..\..\..\..\src" />
					<Add directory="..\..\..\..\Demos\OpenGL" />
				</ResourceCompiler>
				<Linker>
					<Add library="$(NOINHERIT)" />
					<Add library="kernel32" />
					<Add library="user32" />
					<Add library="gdi32" />
					<Add library="winspool" />
					<Add library="shell32" />
					<Add library="ole32" />
					<Add library="oleaut32" />
					<Add library="uuid" />
					<Add library="comdlg32" />
					<Add library="advapi32" />
					<Add library="..\OpenGL\RelWithDebInfo\OpenGLSupport" />
					<Add library="..\..\src\BulletDynamics\RelWithDebInfo\BulletDynamics" />
					<Add library="..\..\src\BulletCollision\RelWithDebInfo\BulletCollision" />
					<Add library="..\..\src\LinearMath\RelWithDebInfo\LinearMath" />
					<Add library="..\..\..\..\Glut\glut32" />
					<Add library="opengl32" />
					<Add library="glu32" />
				</Linker>
			</Target>
		</Build>
		<Unit filename="..\..\..\..\Demos\SliderConstraintDemo\SliderConstraintDemo.cpp" />
		<Unit filename="..\..\..\..\Demos\SliderConstraintDemo\main.cpp" />
		<Extensions>
			<code_completion />
			<envvars />
			<debugger />
		</Extensions>
	</Project>
</CodeBlocks_project_file>
