?xml version="1.0" encoding="UTF-8" standalone="yes" ?><CodeBlocks_project_file>	<FileVersion major="1" minor="6" />	<Project>		<Option title="ArduinoProject" />		<Option pch_mode="2" />		<Option compiler="avrgcc" />		<Build>			<Target title="Debug">				<Option output="bin\Debug\ArduinoProject.elf" prefix_auto="1" extension_auto="0" />				<Option object_output="obj\Debug\" />				<Option type="1" />				<Option compiler="avrgcc" />			</Target>			<Target title="Release">				<Option output="bin\Release\ArduinoProject.elf" prefix_auto="1" extension_auto="0" />				<Option object_output="obj\Release\" />				<Option type="1" />				<Option compiler="avrgcc" />				<ExtraCommands>					<Add after="avr-size --mcu=atmega328p --format=avr $(TARGET_OUTPUT_FILE)" />					<Add after="avr-objcopy -O ihex -R .eeprom -R .eesafe $(TARGET_OUTPUT_FILE) $(TARGET_OUTPUT_FILE).hex" />					<Add after="avr-objcopy --no-change-warnings -j .eeprom --change-section-lma .eeprom=0 -O ihex $(TARGET_OUTPUT_FILE) $(TARGET_OUTPUT_FILE).eep.hex" />					<Add after='cmd /c &quot;avr-objdump -h -S $(TARGET_OUTPUT_FILE) &gt; $(TARGET_OUTPUT_FILE).lss&quot;' />					<Add after="$(CODEBLOCKS)/sdk/WinAVR-20090313/bin/avrdude.exe -CC:$(CODEBLOCKS)/sdk/WinAVR-20090313/bin/avrdude.conf -v -v -v -v -pm328p -cstk500v1 -P\\.\COM4 -b 57600  -D -Uflash:w:${PROJECT_DIR}/${TARGET_OUTPUT_DIR}/${TARGET_OUTPUT_BASENAME}.elf.hex:a" />					<Mode after="always" />				</ExtraCommands>			</Target>		</Build>		<Compiler>			<Add option="-Os" />			<Add option="-Wall" />			<Add option="-mmcu=atmega328p" />			<Add option="-DF_CPU=16000000UL" />		</Compiler>		<Linker>			<Add option="-mmcu=atmega328p" />			<Add option="-Wl,-Map=$(TARGET_OUTPUT_FILE).map,--cref" />			<Add library="C:\_apps\arduino-0018\libArduinoCoreAT328p\core.a" />		</Linker>		<ExtraCommands>			<Add after="avr-size --mcu=atmega328p --format=avr $(TARGET_OUTPUT_FILE)" />			<Add after="avr-objcopy -O ihex -R .eeprom -R .eesafe $(TARGET_OUTPUT_FILE) $(TARGET_OUTPUT_FILE).hex" />			<Add after="avr-objcopy --no-change-warnings -j .eeprom --change-section-lma .eeprom=0 -O ihex $(TARGET_OUTPUT_FILE) $(TARGET_OUTPUT_FILE).eep.hex" />			<Add after='cmd /c &quot;avr-objdump -h -S $(TARGET_OUTPUT_FILE) &gt; $(TARGET_OUTPUT_FILE).lss&quot;' />		</ExtraCommands>		<Unit filename="start.cpp">			<Option compilerVar="CC" />		</Unit>		<Extensions>			<code_completion />			<debugger />		</Extensions>	</Project></CodeBlocks_project_file>